
Microsoft Visual Studio Solution File, Format Version 12.00
# Visual Studio Version 17
VisualStudioVersion = 17.11.35312.102
MinimumVisualStudioVersion = 10.0.40219.1
Project("{FAE04EC0-301F-11D3-BF4B-00C04F79EFBC}") = "Website-ASP.NET-Core-MVC", "Website-ASP.NET-Core-MVC\Website-ASP.NET-Core-MVC.csproj", "{A0DBF7F2-93C3-4164-9D16-629C5A641470}"
EndProject
Global
	GlobalSection(SolutionConfigurationPlatforms) = preSolution
		Debug|Any CPU = Debug|Any CPU
		Release|Any CPU = Release|Any CPU
	EndGlobalSection
	GlobalSection(ProjectConfigurationPlatforms) = postSolution
		{A0DBF7F2-93C3-4164-9D16-629C5A641470}.Debug|Any CPU.ActiveCfg = Debug|Any CPU
		{A0DBF7F2-93C3-4164-9D16-629C5A641470}.Debug|Any CPU.Build.0 = Debug|Any CPU
		{A0DBF7F2-93C3-4164-9D16-629C5A641470}.Release|Any CPU.ActiveCfg = Release|Any CPU
		{A0DBF7F2-93C3-4164-9D16-629C5A641470}.Release|Any CPU.Build.0 = Release|Any CPU
	EndGlobalSection
	GlobalSection(SolutionProperties) = preSolution
		HideSolutionNode = FALSE
	EndGlobalSection
	GlobalSection(ExtensibilityGlobals) = postSolution
		SolutionGuid = {5D8197CA-364C-4A4F-80F3-816B22254177}
	EndGlobalSection
EndGlobal
